// !$*UTF8*$!
{
	archiveVersion = 1;
	classes = {
	};
	objectVersion = 46;
	objects = {

/* Begin PBXBuildFile section */
		4F489A7A1AEED11B0028F4F7 /* ASImageVCLinkedList.m in Sources */ = {isa = PBXBuildFile; fileRef = 4F489A791AEED11B0028F4F7 /* ASImageVCLinkedList.m */; };
		4F4C1E441ADA189300109166 /* FiveHundredPixelsDaily.xcdatamodeld in Sources */ = {isa = PBXBuildFile; fileRef = 4F4C1E421ADA189300109166 /* FiveHundredPixelsDaily.xcdatamodeld */; };
		4F4C1E471ADA18CF00109166 /* ASStore.m in Sources */ = {isa = PBXBuildFile; fileRef = 4F4C1E461ADA18CF00109166 /* ASStore.m */; };
		4F4C1E4D1ADA198F00109166 /* ASFHPStore.m in Sources */ = {isa = PBXBuildFile; fileRef = 4F4C1E4B1ADA198F00109166 /* ASFHPStore.m */; };
		4F4D6E931AD75EB800D1ABD8 /* main.m in Sources */ = {isa = PBXBuildFile; fileRef = 4F4D6E921AD75EB800D1ABD8 /* main.m */; };
		4F4D6E961AD75EB800D1ABD8 /* AppDelegate.m in Sources */ = {isa = PBXBuildFile; fileRef = 4F4D6E951AD75EB800D1ABD8 /* AppDelegate.m */; };
		4F4D6EA21AD75EB800D1ABD8 /* Main.storyboard in Resources */ = {isa = PBXBuildFile; fileRef = 4F4D6EA01AD75EB800D1ABD8 /* Main.storyboard */; };
		4F4D6EA41AD75EB800D1ABD8 /* Images.xcassets in Resources */ = {isa = PBXBuildFile; fileRef = 4F4D6EA31AD75EB800D1ABD8 /* Images.xcassets */; };
		4F4D6EA71AD75EB800D1ABD8 /* LaunchScreen.xib in Resources */ = {isa = PBXBuildFile; fileRef = 4F4D6EA51AD75EB800D1ABD8 /* LaunchScreen.xib */; };
		4F4D6EBE1AD76BAE00D1ABD8 /* ASCategoriesTableViewController.m in Sources */ = {isa = PBXBuildFile; fileRef = 4F4D6EBD1AD76BAE00D1ABD8 /* ASCategoriesTableViewController.m */; };
		4F4D6EC11AD76BCA00D1ABD8 /* ASCategoryTableViewCell.m in Sources */ = {isa = PBXBuildFile; fileRef = 4F4D6EC01AD76BCA00D1ABD8 /* ASCategoryTableViewCell.m */; };
		4F4D6EC41AD76C5B00D1ABD8 /* ASCategoryCollectionViewController.m in Sources */ = {isa = PBXBuildFile; fileRef = 4F4D6EC31AD76C5B00D1ABD8 /* ASCategoryCollectionViewController.m */; };
		4F4D6EC71AD76C7900D1ABD8 /* ASImageViewController.m in Sources */ = {isa = PBXBuildFile; fileRef = 4F4D6EC61AD76C7900D1ABD8 /* ASImageViewController.m */; };
		4F717E8B1ADE122D004B8722 /* ASBaseObject.m in Sources */ = {isa = PBXBuildFile; fileRef = 4F717E8A1ADE122D004B8722 /* ASBaseObject.m */; };
		4F717E8E1AE08F2D004B8722 /* ASImageCollectionViewCell.m in Sources */ = {isa = PBXBuildFile; fileRef = 4F717E8D1AE08F2D004B8722 /* ASImageCollectionViewCell.m */; };
		4F717E951AE2279E004B8722 /* ASModel.m in Sources */ = {isa = PBXBuildFile; fileRef = 4F717E941AE2279E004B8722 /* ASModel.m */; };
		4F717E9B1AE22B12004B8722 /* ASCategoriesPagesViewController.m in Sources */ = {isa = PBXBuildFile; fileRef = 4F717E9A1AE22B12004B8722 /* ASCategoriesPagesViewController.m */; };
		4F717E9E1AE462C1004B8722 /* TODO in Resources */ = {isa = PBXBuildFile; fileRef = 4F717E9D1AE462C1004B8722 /* TODO */; };
		4F717EA11AE497FB004B8722 /* ASImageTransformer.m in Sources */ = {isa = PBXBuildFile; fileRef = 4F717EA01AE497FB004B8722 /* ASImageTransformer.m */; };
		4F717EA51AE4A470004B8722 /* ASImagePagesViewController.m in Sources */ = {isa = PBXBuildFile; fileRef = 4F717EA41AE4A470004B8722 /* ASImagePagesViewController.m */; };
		4F717EA81AE75D33004B8722 /* ASNavigationViewController.m in Sources */ = {isa = PBXBuildFile; fileRef = 4F717EA71AE75D33004B8722 /* ASNavigationViewController.m */; };
		4F717EB81AE98BA9004B8722 /* ASCategoryVCLinkedList.m in Sources */ = {isa = PBXBuildFile; fileRef = 4F717EB71AE98BA9004B8722 /* ASCategoryVCLinkedList.m */; };
		4F9B8FA01AF0558900B36422 /* ASSettingsTableViewController.m in Sources */ = {isa = PBXBuildFile; fileRef = 4F9B8F9F1AF0558900B36422 /* ASSettingsTableViewController.m */; };
		4F9B8FAB1AF06F6600B36422 /* ASSettingsPhotosTableViewCell.m in Sources */ = {isa = PBXBuildFile; fileRef = 4F9B8FAA1AF06F6600B36422 /* ASSettingsPhotosTableViewCell.m */; };
		4F9B8FAE1AF06F7900B36422 /* ASSettingsCategoryTableViewCell.m in Sources */ = {isa = PBXBuildFile; fileRef = 4F9B8FAD1AF06F7900B36422 /* ASSettingsCategoryTableViewCell.m */; };
		4F9B8FB11AF6AE2300B36422 /* ASButtonView.m in Sources */ = {isa = PBXBuildFile; fileRef = 4F9B8FB01AF6AE2300B36422 /* ASButtonView.m */; };
		4FC4118A1AF6F51300E4C063 /* ASPhotosAlbumsTableViewController.m in Sources */ = {isa = PBXBuildFile; fileRef = 4FC411891AF6F51300E4C063 /* ASPhotosAlbumsTableViewController.m */; };
		4FC4118E1AF96AEA00E4C063 /* ASPhotosAlbumTableViewCell.m in Sources */ = {isa = PBXBuildFile; fileRef = 4FC4118D1AF96AEA00E4C063 /* ASPhotosAlbumTableViewCell.m */; };
		4FC411941AF9B1D000E4C063 /* ASBackgroundImageFetcher.m in Sources */ = {isa = PBXBuildFile; fileRef = 4FC411931AF9B1D000E4C063 /* ASBackgroundImageFetcher.m */; };
		4FC411971AF9C69A00E4C063 /* ASPhotosManager.m in Sources */ = {isa = PBXBuildFile; fileRef = 4FC411961AF9C69A00E4C063 /* ASPhotosManager.m */; };
		4FC4119A1AFC4B4600E4C063 /* ASLoadingFooterCollectionReusableView.m in Sources */ = {isa = PBXBuildFile; fileRef = 4FC411991AFC4B4600E4C063 /* ASLoadingFooterCollectionReusableView.m */; };
		4FC4119E1AFDDC8300E4C063 /* ASCenteredScrollView.m in Sources */ = {isa = PBXBuildFile; fileRef = 4FC4119D1AFDDC8300E4C063 /* ASCenteredScrollView.m */; };
		4FC411DF1B02CE2600E4C063 /* ASDownloadManager.m in Sources */ = {isa = PBXBuildFile; fileRef = 4FC411DE1B02CE2600E4C063 /* ASDownloadManager.m */; };
		4FC412551B04324D00E4C063 /* ASDownloadButtonView.m in Sources */ = {isa = PBXBuildFile; fileRef = 4FC412541B04324D00E4C063 /* ASDownloadButtonView.m */; };
		4FE3E2B71ADA107800B174F4 /* ASCategory.m in Sources */ = {isa = PBXBuildFile; fileRef = 4FE3E2B61ADA107800B174F4 /* ASCategory.m */; };
		4FE3E2BA1ADA107800B174F4 /* ASImage.m in Sources */ = {isa = PBXBuildFile; fileRef = 4FE3E2B91ADA107800B174F4 /* ASImage.m */; };
/* End PBXBuildFile section */

/* Begin PBXFileReference section */
		4F489A781AEED11B0028F4F7 /* ASImageVCLinkedList.h */ = {isa = PBXFileReference; fileEncoding = 4; lastKnownFileType = sourcecode.c.h; path = ASImageVCLinkedList.h; sourceTree = "<group>"; };
		4F489A791AEED11B0028F4F7 /* ASImageVCLinkedList.m */ = {isa = PBXFileReference; fileEncoding = 4; lastKnownFileType = sourcecode.c.objc; path = ASImageVCLinkedList.m; sourceTree = "<group>"; };
		4F4C1E431ADA189300109166 /* FiveHundredPixelsDaily.xcdatamodel */ = {isa = PBXFileReference; lastKnownFileType = wrapper.xcdatamodel; path = FiveHundredPixelsDaily.xcdatamodel; sourceTree = "<group>"; };
		4F4C1E451ADA18CF00109166 /* ASStore.h */ = {isa = PBXFileReference; fileEncoding = 4; lastKnownFileType = sourcecode.c.h; path = ASStore.h; sourceTree = "<group>"; };
		4F4C1E461ADA18CF00109166 /* ASStore.m */ = {isa = PBXFileReference; fileEncoding = 4; lastKnownFileType = sourcecode.c.objc; path = ASStore.m; sourceTree = "<group>"; };
		4F4C1E4A1ADA198F00109166 /* ASFHPStore.h */ = {isa = PBXFileReference; fileEncoding = 4; lastKnownFileType = sourcecode.c.h; path = ASFHPStore.h; sourceTree = "<group>"; };
		4F4C1E4B1ADA198F00109166 /* ASFHPStore.m */ = {isa = PBXFileReference; fileEncoding = 4; lastKnownFileType = sourcecode.c.objc; path = ASFHPStore.m; sourceTree = "<group>"; };
		4F4D6E8D1AD75EB800D1ABD8 /* FiveHundredPixelsDaily.app */ = {isa = PBXFileReference; explicitFileType = wrapper.application; includeInIndex = 0; path = FiveHundredPixelsDaily.app; sourceTree = BUILT_PRODUCTS_DIR; };
		4F4D6E911AD75EB800D1ABD8 /* Info.plist */ = {isa = PBXFileReference; lastKnownFileType = text.plist.xml; path = Info.plist; sourceTree = "<group>"; };
		4F4D6E921AD75EB800D1ABD8 /* main.m */ = {isa = PBXFileReference; lastKnownFileType = sourcecode.c.objc; path = main.m; sourceTree = "<group>"; };
		4F4D6E941AD75EB800D1ABD8 /* AppDelegate.h */ = {isa = PBXFileReference; lastKnownFileType = sourcecode.c.h; path = AppDelegate.h; sourceTree = "<group>"; };
		4F4D6E951AD75EB800D1ABD8 /* AppDelegate.m */ = {isa = PBXFileReference; lastKnownFileType = sourcecode.c.objc; path = AppDelegate.m; sourceTree = "<group>"; };
		4F4D6EA11AD75EB800D1ABD8 /* Base */ = {isa = PBXFileReference; lastKnownFileType = file.storyboard; name = Base; path = Base.lproj/Main.storyboard; sourceTree = "<group>"; };
		4F4D6EA31AD75EB800D1ABD8 /* Images.xcassets */ = {isa = PBXFileReference; lastKnownFileType = folder.assetcatalog; path = Images.xcassets; sourceTree = "<group>"; };
		4F4D6EA61AD75EB800D1ABD8 /* Base */ = {isa = PBXFileReference; lastKnownFileType = file.xib; name = Base; path = Base.lproj/LaunchScreen.xib; sourceTree = "<group>"; };
		4F4D6EBC1AD76BAE00D1ABD8 /* ASCategoriesTableViewController.h */ = {isa = PBXFileReference; fileEncoding = 4; lastKnownFileType = sourcecode.c.h; path = ASCategoriesTableViewController.h; sourceTree = "<group>"; };
		4F4D6EBD1AD76BAE00D1ABD8 /* ASCategoriesTableViewController.m */ = {isa = PBXFileReference; fileEncoding = 4; lastKnownFileType = sourcecode.c.objc; path = ASCategoriesTableViewController.m; sourceTree = "<group>"; };
		4F4D6EBF1AD76BCA00D1ABD8 /* ASCategoryTableViewCell.h */ = {isa = PBXFileReference; fileEncoding = 4; lastKnownFileType = sourcecode.c.h; path = ASCategoryTableViewCell.h; sourceTree = "<group>"; };
		4F4D6EC01AD76BCA00D1ABD8 /* ASCategoryTableViewCell.m */ = {isa = PBXFileReference; fileEncoding = 4; lastKnownFileType = sourcecode.c.objc; path = ASCategoryTableViewCell.m; sourceTree = "<group>"; };
		4F4D6EC21AD76C5B00D1ABD8 /* ASCategoryCollectionViewController.h */ = {isa = PBXFileReference; fileEncoding = 4; lastKnownFileType = sourcecode.c.h; path = ASCategoryCollectionViewController.h; sourceTree = "<group>"; };
		4F4D6EC31AD76C5B00D1ABD8 /* ASCategoryCollectionViewController.m */ = {isa = PBXFileReference; fileEncoding = 4; lastKnownFileType = sourcecode.c.objc; path = ASCategoryCollectionViewController.m; sourceTree = "<group>"; };
		4F4D6EC51AD76C7900D1ABD8 /* ASImageViewController.h */ = {isa = PBXFileReference; fileEncoding = 4; lastKnownFileType = sourcecode.c.h; path = ASImageViewController.h; sourceTree = "<group>"; };
		4F4D6EC61AD76C7900D1ABD8 /* ASImageViewController.m */ = {isa = PBXFileReference; fileEncoding = 4; lastKnownFileType = sourcecode.c.objc; path = ASImageViewController.m; sourceTree = "<group>"; };
		4F717E891ADE122D004B8722 /* ASBaseObject.h */ = {isa = PBXFileReference; fileEncoding = 4; lastKnownFileType = sourcecode.c.h; path = ASBaseObject.h; sourceTree = "<group>"; };
		4F717E8A1ADE122D004B8722 /* ASBaseObject.m */ = {isa = PBXFileReference; fileEncoding = 4; lastKnownFileType = sourcecode.c.objc; path = ASBaseObject.m; sourceTree = "<group>"; };
		4F717E8C1AE08F2D004B8722 /* ASImageCollectionViewCell.h */ = {isa = PBXFileReference; fileEncoding = 4; lastKnownFileType = sourcecode.c.h; path = ASImageCollectionViewCell.h; sourceTree = "<group>"; };
		4F717E8D1AE08F2D004B8722 /* ASImageCollectionViewCell.m */ = {isa = PBXFileReference; fileEncoding = 4; lastKnownFileType = sourcecode.c.objc; path = ASImageCollectionViewCell.m; sourceTree = "<group>"; };
		4F717E931AE2279E004B8722 /* ASModel.h */ = {isa = PBXFileReference; fileEncoding = 4; lastKnownFileType = sourcecode.c.h; path = ASModel.h; sourceTree = "<group>"; };
		4F717E941AE2279E004B8722 /* ASModel.m */ = {isa = PBXFileReference; fileEncoding = 4; lastKnownFileType = sourcecode.c.objc; path = ASModel.m; sourceTree = "<group>"; };
		4F717E991AE22B12004B8722 /* ASCategoriesPagesViewController.h */ = {isa = PBXFileReference; fileEncoding = 4; lastKnownFileType = sourcecode.c.h; path = ASCategoriesPagesViewController.h; sourceTree = "<group>"; };
		4F717E9A1AE22B12004B8722 /* ASCategoriesPagesViewController.m */ = {isa = PBXFileReference; fileEncoding = 4; lastKnownFileType = sourcecode.c.objc; path = ASCategoriesPagesViewController.m; sourceTree = "<group>"; };
		4F717E9D1AE462C1004B8722 /* TODO */ = {isa = PBXFileReference; fileEncoding = 4; lastKnownFileType = text; path = TODO; sourceTree = "<group>"; };
		4F717E9F1AE497FB004B8722 /* ASImageTransformer.h */ = {isa = PBXFileReference; fileEncoding = 4; lastKnownFileType = sourcecode.c.h; path = ASImageTransformer.h; sourceTree = "<group>"; };
		4F717EA01AE497FB004B8722 /* ASImageTransformer.m */ = {isa = PBXFileReference; fileEncoding = 4; lastKnownFileType = sourcecode.c.objc; path = ASImageTransformer.m; sourceTree = "<group>"; };
		4F717EA31AE4A470004B8722 /* ASImagePagesViewController.h */ = {isa = PBXFileReference; fileEncoding = 4; lastKnownFileType = sourcecode.c.h; path = ASImagePagesViewController.h; sourceTree = "<group>"; };
		4F717EA41AE4A470004B8722 /* ASImagePagesViewController.m */ = {isa = PBXFileReference; fileEncoding = 4; lastKnownFileType = sourcecode.c.objc; path = ASImagePagesViewController.m; sourceTree = "<group>"; };
		4F717EA61AE75D33004B8722 /* ASNavigationViewController.h */ = {isa = PBXFileReference; fileEncoding = 4; lastKnownFileType = sourcecode.c.h; path = ASNavigationViewController.h; sourceTree = "<group>"; };
		4F717EA71AE75D33004B8722 /* ASNavigationViewController.m */ = {isa = PBXFileReference; fileEncoding = 4; lastKnownFileType = sourcecode.c.objc; path = ASNavigationViewController.m; sourceTree = "<group>"; };
		4F717EB61AE98BA9004B8722 /* ASCategoryVCLinkedList.h */ = {isa = PBXFileReference; fileEncoding = 4; lastKnownFileType = sourcecode.c.h; path = ASCategoryVCLinkedList.h; sourceTree = "<group>"; };
		4F717EB71AE98BA9004B8722 /* ASCategoryVCLinkedList.m */ = {isa = PBXFileReference; fileEncoding = 4; lastKnownFileType = sourcecode.c.objc; path = ASCategoryVCLinkedList.m; sourceTree = "<group>"; };
		4F9B8F9E1AF0558900B36422 /* ASSettingsTableViewController.h */ = {isa = PBXFileReference; fileEncoding = 4; lastKnownFileType = sourcecode.c.h; path = ASSettingsTableViewController.h; sourceTree = "<group>"; };
		4F9B8F9F1AF0558900B36422 /* ASSettingsTableViewController.m */ = {isa = PBXFileReference; fileEncoding = 4; lastKnownFileType = sourcecode.c.objc; path = ASSettingsTableViewController.m; sourceTree = "<group>"; };
		4F9B8FA91AF06F6600B36422 /* ASSettingsPhotosTableViewCell.h */ = {isa = PBXFileReference; fileEncoding = 4; lastKnownFileType = sourcecode.c.h; path = ASSettingsPhotosTableViewCell.h; sourceTree = "<group>"; };
		4F9B8FAA1AF06F6600B36422 /* ASSettingsPhotosTableViewCell.m */ = {isa = PBXFileReference; fileEncoding = 4; lastKnownFileType = sourcecode.c.objc; path = ASSettingsPhotosTableViewCell.m; sourceTree = "<group>"; };
		4F9B8FAC1AF06F7900B36422 /* ASSettingsCategoryTableViewCell.h */ = {isa = PBXFileReference; fileEncoding = 4; lastKnownFileType = sourcecode.c.h; path = ASSettingsCategoryTableViewCell.h; sourceTree = "<group>"; };
		4F9B8FAD1AF06F7900B36422 /* ASSettingsCategoryTableViewCell.m */ = {isa = PBXFileReference; fileEncoding = 4; lastKnownFileType = sourcecode.c.objc; path = ASSettingsCategoryTableViewCell.m; sourceTree = "<group>"; };
		4F9B8FAF1AF6AE2300B36422 /* ASButtonView.h */ = {isa = PBXFileReference; fileEncoding = 4; lastKnownFileType = sourcecode.c.h; path = ASButtonView.h; sourceTree = "<group>"; };
		4F9B8FB01AF6AE2300B36422 /* ASButtonView.m */ = {isa = PBXFileReference; fileEncoding = 4; lastKnownFileType = sourcecode.c.objc; path = ASButtonView.m; sourceTree = "<group>"; };
		4FC411881AF6F51300E4C063 /* ASPhotosAlbumsTableViewController.h */ = {isa = PBXFileReference; fileEncoding = 4; lastKnownFileType = sourcecode.c.h; path = ASPhotosAlbumsTableViewController.h; sourceTree = "<group>"; };
		4FC411891AF6F51300E4C063 /* ASPhotosAlbumsTableViewController.m */ = {isa = PBXFileReference; fileEncoding = 4; lastKnownFileType = sourcecode.c.objc; path = ASPhotosAlbumsTableViewController.m; sourceTree = "<group>"; };
		4FC4118C1AF96AEA00E4C063 /* ASPhotosAlbumTableViewCell.h */ = {isa = PBXFileReference; fileEncoding = 4; lastKnownFileType = sourcecode.c.h; path = ASPhotosAlbumTableViewCell.h; sourceTree = "<group>"; };
		4FC4118D1AF96AEA00E4C063 /* ASPhotosAlbumTableViewCell.m */ = {isa = PBXFileReference; fileEncoding = 4; lastKnownFileType = sourcecode.c.objc; path = ASPhotosAlbumTableViewCell.m; sourceTree = "<group>"; };
		4FC411921AF9B1D000E4C063 /* ASBackgroundImageFetcher.h */ = {isa = PBXFileReference; fileEncoding = 4; lastKnownFileType = sourcecode.c.h; path = ASBackgroundImageFetcher.h; sourceTree = "<group>"; };
		4FC411931AF9B1D000E4C063 /* ASBackgroundImageFetcher.m */ = {isa = PBXFileReference; fileEncoding = 4; lastKnownFileType = sourcecode.c.objc; path = ASBackgroundImageFetcher.m; sourceTree = "<group>"; };
		4FC411951AF9C69A00E4C063 /* ASPhotosManager.h */ = {isa = PBXFileReference; fileEncoding = 4; lastKnownFileType = sourcecode.c.h; path = ASPhotosManager.h; sourceTree = "<group>"; };
		4FC411961AF9C69A00E4C063 /* ASPhotosManager.m */ = {isa = PBXFileReference; fileEncoding = 4; lastKnownFileType = sourcecode.c.objc; path = ASPhotosManager.m; sourceTree = "<group>"; };
		4FC411981AFC4B4600E4C063 /* ASLoadingFooterCollectionReusableView.h */ = {isa = PBXFileReference; fileEncoding = 4; lastKnownFileType = sourcecode.c.h; path = ASLoadingFooterCollectionReusableView.h; sourceTree = "<group>"; };
		4FC411991AFC4B4600E4C063 /* ASLoadingFooterCollectionReusableView.m */ = {isa = PBXFileReference; fileEncoding = 4; lastKnownFileType = sourcecode.c.objc; path = ASLoadingFooterCollectionReusableView.m; sourceTree = "<group>"; };
		4FC4119C1AFDDC8300E4C063 /* ASCenteredScrollView.h */ = {isa = PBXFileReference; fileEncoding = 4; lastKnownFileType = sourcecode.c.h; path = ASCenteredScrollView.h; sourceTree = "<group>"; };
		4FC4119D1AFDDC8300E4C063 /* ASCenteredScrollView.m */ = {isa = PBXFileReference; fileEncoding = 4; lastKnownFileType = sourcecode.c.objc; path = ASCenteredScrollView.m; sourceTree = "<group>"; };
		4FC411DD1B02CE2600E4C063 /* ASDownloadManager.h */ = {isa = PBXFileReference; fileEncoding = 4; lastKnownFileType = sourcecode.c.h; path = ASDownloadManager.h; sourceTree = "<group>"; };
		4FC411DE1B02CE2600E4C063 /* ASDownloadManager.m */ = {isa = PBXFileReference; fileEncoding = 4; lastKnownFileType = sourcecode.c.objc; path = ASDownloadManager.m; sourceTree = "<group>"; };
		4FC412531B04324D00E4C063 /* ASDownloadButtonView.h */ = {isa = PBXFileReference; fileEncoding = 4; lastKnownFileType = sourcecode.c.h; path = ASDownloadButtonView.h; sourceTree = "<group>"; };
		4FC412541B04324D00E4C063 /* ASDownloadButtonView.m */ = {isa = PBXFileReference; fileEncoding = 4; lastKnownFileType = sourcecode.c.objc; path = ASDownloadButtonView.m; sourceTree = "<group>"; };
		4FE3E2B51ADA107800B174F4 /* ASCategory.h */ = {isa = PBXFileReference; fileEncoding = 4; lastKnownFileType = sourcecode.c.h; path = ASCategory.h; sourceTree = "<group>"; };
		4FE3E2B61ADA107800B174F4 /* ASCategory.m */ = {isa = PBXFileReference; fileEncoding = 4; lastKnownFileType = sourcecode.c.objc; path = ASCategory.m; sourceTree = "<group>"; };
		4FE3E2B81ADA107800B174F4 /* ASImage.h */ = {isa = PBXFileReference; fileEncoding = 4; lastKnownFileType = sourcecode.c.h; path = ASImage.h; sourceTree = "<group>"; };
		4FE3E2B91ADA107800B174F4 /* ASImage.m */ = {isa = PBXFileReference; fileEncoding = 4; lastKnownFileType = sourcecode.c.objc; path = ASImage.m; sourceTree = "<group>"; };
/* End PBXFileReference section */

/* Begin PBXFrameworksBuildPhase section */
		4F4D6E8A1AD75EB800D1ABD8 /* Frameworks */ = {
			isa = PBXFrameworksBuildPhase;
			buildActionMask = 2147483647;
			files = (
			);
			runOnlyForDeploymentPostprocessing = 0;
		};
/* End PBXFrameworksBuildPhase section */

/* Begin PBXGroup section */
		4F4D6E841AD75EB800D1ABD8 = {
			isa = PBXGroup;
			children = (
				4F717E9D1AE462C1004B8722 /* TODO */,
				4F4D6E8F1AD75EB800D1ABD8 /* FiveHundredPixelsDaily */,
				4F4D6E8E1AD75EB800D1ABD8 /* Products */,
			);
			sourceTree = "<group>";
		};
		4F4D6E8E1AD75EB800D1ABD8 /* Products */ = {
			isa = PBXGroup;
			children = (
				4F4D6E8D1AD75EB800D1ABD8 /* FiveHundredPixelsDaily.app */,
			);
			name = Products;
			sourceTree = "<group>";
		};
		4F4D6E8F1AD75EB800D1ABD8 /* FiveHundredPixelsDaily */ = {
			isa = PBXGroup;
			children = (
				4FE3E2881ADA0A7600B174F4 /* Model */,
				4FE3E2871ADA07E600B174F4 /* Views */,
				4F717EAC1AE9875E004B8722 /* DataStructures */,
				4F4D6E901AD75EB800D1ABD8 /* Supporting Files */,
			);
			path = FiveHundredPixelsDaily;
			sourceTree = "<group>";
		};
		4F4D6E901AD75EB800D1ABD8 /* Supporting Files */ = {
			isa = PBXGroup;
			children = (
				4F4D6E941AD75EB800D1ABD8 /* AppDelegate.h */,
				4F4D6E951AD75EB800D1ABD8 /* AppDelegate.m */,
				4FC411921AF9B1D000E4C063 /* ASBackgroundImageFetcher.h */,
				4FC411931AF9B1D000E4C063 /* ASBackgroundImageFetcher.m */,
				4FC411951AF9C69A00E4C063 /* ASPhotosManager.h */,
				4FC411961AF9C69A00E4C063 /* ASPhotosManager.m */,
				4F4D6EA01AD75EB800D1ABD8 /* Main.storyboard */,
				4F4D6E911AD75EB800D1ABD8 /* Info.plist */,
				4F4D6E921AD75EB800D1ABD8 /* main.m */,
				4F4D6EA31AD75EB800D1ABD8 /* Images.xcassets */,
				4F4D6EA51AD75EB800D1ABD8 /* LaunchScreen.xib */,
			);
			name = "Supporting Files";
			sourceTree = "<group>";
		};
		4F717E9C1AE22B20004B8722 /* Category */ = {
			isa = PBXGroup;
			children = (
				4F4D6EC21AD76C5B00D1ABD8 /* ASCategoryCollectionViewController.h */,
				4F4D6EC31AD76C5B00D1ABD8 /* ASCategoryCollectionViewController.m */,
				4FC4119B1AFC4B5800E4C063 /* Cells */,
				4FE3E28C1ADA0ABB00B174F4 /* Image */,
			);
			name = Category;
			sourceTree = "<group>";
		};
		4F717EA21AE49802004B8722 /* Transformers */ = {
			isa = PBXGroup;
			children = (
				4F717E9F1AE497FB004B8722 /* ASImageTransformer.h */,
				4F717EA01AE497FB004B8722 /* ASImageTransformer.m */,
			);
			path = Transformers;
			sourceTree = "<group>";
		};
		4F717EAC1AE9875E004B8722 /* DataStructures */ = {
			isa = PBXGroup;
			children = (
				4F717EB61AE98BA9004B8722 /* ASCategoryVCLinkedList.h */,
				4F717EB71AE98BA9004B8722 /* ASCategoryVCLinkedList.m */,
				4F489A781AEED11B0028F4F7 /* ASImageVCLinkedList.h */,
				4F489A791AEED11B0028F4F7 /* ASImageVCLinkedList.m */,
			);
			path = DataStructures;
			sourceTree = "<group>";
		};
		4F9B8FA11AF06F2100B36422 /* Settings */ = {
			isa = PBXGroup;
			children = (
				4F9B8F9E1AF0558900B36422 /* ASSettingsTableViewController.h */,
				4F9B8F9F1AF0558900B36422 /* ASSettingsTableViewController.m */,
				4F9B8FA21AF06F2A00B36422 /* Cells */,
				4FC411871AF6F4EA00E4C063 /* PhotosAlbum */,
			);
			name = Settings;
			sourceTree = "<group>";
		};
		4F9B8FA21AF06F2A00B36422 /* Cells */ = {
			isa = PBXGroup;
			children = (
				4F9B8FA91AF06F6600B36422 /* ASSettingsPhotosTableViewCell.h */,
				4F9B8FAA1AF06F6600B36422 /* ASSettingsPhotosTableViewCell.m */,
				4F9B8FAC1AF06F7900B36422 /* ASSettingsCategoryTableViewCell.h */,
				4F9B8FAD1AF06F7900B36422 /* ASSettingsCategoryTableViewCell.m */,
			);
			name = Cells;
			sourceTree = "<group>";
		};
		4F9B8FB21AF6AE3700B36422 /* Helpers */ = {
			isa = PBXGroup;
			children = (
				4F9B8FAF1AF6AE2300B36422 /* ASButtonView.h */,
				4F9B8FB01AF6AE2300B36422 /* ASButtonView.m */,
				4FC412531B04324D00E4C063 /* ASDownloadButtonView.h */,
				4FC412541B04324D00E4C063 /* ASDownloadButtonView.m */,
				4FC411DD1B02CE2600E4C063 /* ASDownloadManager.h */,
				4FC411DE1B02CE2600E4C063 /* ASDownloadManager.m */,
			);
			name = Helpers;
			sourceTree = "<group>";
		};
		4FC411871AF6F4EA00E4C063 /* PhotosAlbum */ = {
			isa = PBXGroup;
			children = (
				4FC411881AF6F51300E4C063 /* ASPhotosAlbumsTableViewController.h */,
				4FC411891AF6F51300E4C063 /* ASPhotosAlbumsTableViewController.m */,
				4FC4118B1AF96AD200E4C063 /* Cells */,
			);
			name = PhotosAlbum;
			sourceTree = "<group>";
		};
		4FC4118B1AF96AD200E4C063 /* Cells */ = {
			isa = PBXGroup;
			children = (
				4FC4118C1AF96AEA00E4C063 /* ASPhotosAlbumTableViewCell.h */,
				4FC4118D1AF96AEA00E4C063 /* ASPhotosAlbumTableViewCell.m */,
			);
			name = Cells;
			sourceTree = "<group>";
		};
		4FC4119B1AFC4B5800E4C063 /* Cells */ = {
			isa = PBXGroup;
			children = (
				4F717E8C1AE08F2D004B8722 /* ASImageCollectionViewCell.h */,
				4F717E8D1AE08F2D004B8722 /* ASImageCollectionViewCell.m */,
				4FC411981AFC4B4600E4C063 /* ASLoadingFooterCollectionReusableView.h */,
				4FC411991AFC4B4600E4C063 /* ASLoadingFooterCollectionReusableView.m */,
			);
			name = Cells;
			sourceTree = "<group>";
		};
		4FE3E2871ADA07E600B174F4 /* Views */ = {
			isa = PBXGroup;
			children = (
				4F717EA61AE75D33004B8722 /* ASNavigationViewController.h */,
				4F717EA71AE75D33004B8722 /* ASNavigationViewController.m */,
				4FE3E28A1ADA0A9800B174F4 /* Categories */,
				4F9B8FA11AF06F2100B36422 /* Settings */,
				4F9B8FB21AF6AE3700B36422 /* Helpers */,
			);
			name = Views;
			sourceTree = "<group>";
		};
		4FE3E2881ADA0A7600B174F4 /* Model */ = {
			isa = PBXGroup;
			children = (
				4F4C1E421ADA189300109166 /* FiveHundredPixelsDaily.xcdatamodeld */,
				4F717E931AE2279E004B8722 /* ASModel.h */,
				4F717E941AE2279E004B8722 /* ASModel.m */,
				4FE3E2891ADA0A8000B174F4 /* Classes */,
				4F717EA21AE49802004B8722 /* Transformers */,
			);
			path = Model;
			sourceTree = "<group>";
		};
		4FE3E2891ADA0A8000B174F4 /* Classes */ = {
			isa = PBXGroup;
			children = (
				4F717E891ADE122D004B8722 /* ASBaseObject.h */,
				4F717E8A1ADE122D004B8722 /* ASBaseObject.m */,
				4F4C1E451ADA18CF00109166 /* ASStore.h */,
				4F4C1E461ADA18CF00109166 /* ASStore.m */,
				4F4C1E4A1ADA198F00109166 /* ASFHPStore.h */,
				4F4C1E4B1ADA198F00109166 /* ASFHPStore.m */,
				4FE3E2B51ADA107800B174F4 /* ASCategory.h */,
				4FE3E2B61ADA107800B174F4 /* ASCategory.m */,
				4FE3E2B81ADA107800B174F4 /* ASImage.h */,
				4FE3E2B91ADA107800B174F4 /* ASImage.m */,
			);
			path = Classes;
			sourceTree = "<group>";
		};
		4FE3E28A1ADA0A9800B174F4 /* Categories */ = {
			isa = PBXGroup;
			children = (
				4F4D6EBC1AD76BAE00D1ABD8 /* ASCategoriesTableViewController.h */,
				4F4D6EBD1AD76BAE00D1ABD8 /* ASCategoriesTableViewController.m */,
				4FE3E28B1ADA0AA600B174F4 /* Cells */,
				4F717E991AE22B12004B8722 /* ASCategoriesPagesViewController.h */,
				4F717E9A1AE22B12004B8722 /* ASCategoriesPagesViewController.m */,
				4F717E9C1AE22B20004B8722 /* Category */,
			);
			name = Categories;
			sourceTree = "<group>";
		};
		4FE3E28B1ADA0AA600B174F4 /* Cells */ = {
			isa = PBXGroup;
			children = (
				4F4D6EBF1AD76BCA00D1ABD8 /* ASCategoryTableViewCell.h */,
				4F4D6EC01AD76BCA00D1ABD8 /* ASCategoryTableViewCell.m */,
			);
			name = Cells;
			sourceTree = "<group>";
		};
		4FE3E28C1ADA0ABB00B174F4 /* Image */ = {
			isa = PBXGroup;
			children = (
				4F717EA31AE4A470004B8722 /* ASImagePagesViewController.h */,
				4F717EA41AE4A470004B8722 /* ASImagePagesViewController.m */,
				4F4D6EC51AD76C7900D1ABD8 /* ASImageViewController.h */,
				4F4D6EC61AD76C7900D1ABD8 /* ASImageViewController.m */,
				4FC4119C1AFDDC8300E4C063 /* ASCenteredScrollView.h */,
				4FC4119D1AFDDC8300E4C063 /* ASCenteredScrollView.m */,
			);
			name = Image;
			sourceTree = "<group>";
		};
/* End PBXGroup section */

/* Begin PBXNativeTarget section */
		4F4D6E8C1AD75EB800D1ABD8 /* FiveHundredPixelsDaily */ = {
			isa = PBXNativeTarget;
			buildConfigurationList = 4F4D6EB61AD75EB800D1ABD8 /* Build configuration list for PBXNativeTarget "FiveHundredPixelsDaily" */;
			buildPhases = (
				4F4D6E891AD75EB800D1ABD8 /* Sources */,
				4F4D6E8A1AD75EB800D1ABD8 /* Frameworks */,
				4F4D6E8B1AD75EB800D1ABD8 /* Resources */,
			);
			buildRules = (
			);
			dependencies = (
			);
			name = FiveHundredPixelsDaily;
			productName = FiveHundredPixelsDaily;
			productReference = 4F4D6E8D1AD75EB800D1ABD8 /* FiveHundredPixelsDaily.app */;
			productType = "com.apple.product-type.application";
		};
/* End PBXNativeTarget section */

/* Begin PBXProject section */
		4F4D6E851AD75EB800D1ABD8 /* Project object */ = {
			isa = PBXProject;
			attributes = {
				LastUpgradeCheck = 0630;
				ORGANIZATIONNAME = "Alex Semenikhine";
				TargetAttributes = {
					4F4D6E8C1AD75EB800D1ABD8 = {
						CreatedOnToolsVersion = 6.3;
						DevelopmentTeam = Z7TKNK6E42;
						SystemCapabilities = {
							com.apple.BackgroundModes = {
								enabled = 1;
							};
						};
					};
				};
			};
			buildConfigurationList = 4F4D6E881AD75EB800D1ABD8 /* Build configuration list for PBXProject "FiveHundredPixelsDaily" */;
			compatibilityVersion = "Xcode 3.2";
			developmentRegion = English;
			hasScannedForEncodings = 0;
			knownRegions = (
				en,
				Base,
			);
			mainGroup = 4F4D6E841AD75EB800D1ABD8;
			productRefGroup = 4F4D6E8E1AD75EB800D1ABD8 /* Products */;
			projectDirPath = "";
			projectRoot = "";
			targets = (
				4F4D6E8C1AD75EB800D1ABD8 /* FiveHundredPixelsDaily */,
			);
		};
/* End PBXProject section */

/* Begin PBXResourcesBuildPhase section */
		4F4D6E8B1AD75EB800D1ABD8 /* Resources */ = {
			isa = PBXResourcesBuildPhase;
			buildActionMask = 2147483647;
			files = (
				4F4D6EA21AD75EB800D1ABD8 /* Main.storyboard in Resources */,
				4F4D6EA71AD75EB800D1ABD8 /* LaunchScreen.xib in Resources */,
				4F717E9E1AE462C1004B8722 /* TODO in Resources */,
				4F4D6EA41AD75EB800D1ABD8 /* Images.xcassets in Resources */,
			);
			runOnlyForDeploymentPostprocessing = 0;
		};
/* End PBXResourcesBuildPhase section */

/* Begin PBXSourcesBuildPhase section */
		4F4D6E891AD75EB800D1ABD8 /* Sources */ = {
			isa = PBXSourcesBuildPhase;
			buildActionMask = 2147483647;
			files = (
				4FE3E2BA1ADA107800B174F4 /* ASImage.m in Sources */,
				4FC411DF1B02CE2600E4C063 /* ASDownloadManager.m in Sources */,
				4F717E8B1ADE122D004B8722 /* ASBaseObject.m in Sources */,
				4F9B8FAB1AF06F6600B36422 /* ASSettingsPhotosTableViewCell.m in Sources */,
				4F4C1E471ADA18CF00109166 /* ASStore.m in Sources */,
				4F717EA81AE75D33004B8722 /* ASNavigationViewController.m in Sources */,
				4F4C1E441ADA189300109166 /* FiveHundredPixelsDaily.xcdatamodeld in Sources */,
				4F4D6EC11AD76BCA00D1ABD8 /* ASCategoryTableViewCell.m in Sources */,
				4FC411941AF9B1D000E4C063 /* ASBackgroundImageFetcher.m in Sources */,
				4F717EB81AE98BA9004B8722 /* ASCategoryVCLinkedList.m in Sources */,
				4FC412551B04324D00E4C063 /* ASDownloadButtonView.m in Sources */,
				4F4D6E961AD75EB800D1ABD8 /* AppDelegate.m in Sources */,
				4F4D6E931AD75EB800D1ABD8 /* main.m in Sources */,
				4FC4118A1AF6F51300E4C063 /* ASPhotosAlbumsTableViewController.m in Sources */,
				4F717E951AE2279E004B8722 /* ASModel.m in Sources */,
				4F9B8FA01AF0558900B36422 /* ASSettingsTableViewController.m in Sources */,
				4FC4118E1AF96AEA00E4C063 /* ASPhotosAlbumTableViewCell.m in Sources */,
				4F9B8FAE1AF06F7900B36422 /* ASSettingsCategoryTableViewCell.m in Sources */,
				4F717EA11AE497FB004B8722 /* ASImageTransformer.m in Sources */,
				4F4D6EC71AD76C7900D1ABD8 /* ASImageViewController.m in Sources */,
				4F717EA51AE4A470004B8722 /* ASImagePagesViewController.m in Sources */,
				4F4D6EC41AD76C5B00D1ABD8 /* ASCategoryCollectionViewController.m in Sources */,
				4F4D6EBE1AD76BAE00D1ABD8 /* ASCategoriesTableViewController.m in Sources */,
				4F717E8E1AE08F2D004B8722 /* ASImageCollectionViewCell.m in Sources */,
				4F717E9B1AE22B12004B8722 /* ASCategoriesPagesViewController.m in Sources */,
				4FC411971AF9C69A00E4C063 /* ASPhotosManager.m in Sources */,
				4F9B8FB11AF6AE2300B36422 /* ASButtonView.m in Sources */,
				4FC4119E1AFDDC8300E4C063 /* ASCenteredScrollView.m in Sources */,
				4FE3E2B71ADA107800B174F4 /* ASCategory.m in Sources */,
				4F489A7A1AEED11B0028F4F7 /* ASImageVCLinkedList.m in Sources */,
				4FC4119A1AFC4B4600E4C063 /* ASLoadingFooterCollectionReusableView.m in Sources */,
				4F4C1E4D1ADA198F00109166 /* ASFHPStore.m in Sources */,
			);
			runOnlyForDeploymentPostprocessing = 0;
		};
/* End PBXSourcesBuildPhase section */

/* Begin PBXVariantGroup section */
		4F4D6EA01AD75EB800D1ABD8 /* Main.storyboard */ = {
			isa = PBXVariantGroup;
			children = (
				4F4D6EA11AD75EB800D1ABD8 /* Base */,
			);
			name = Main.storyboard;
			sourceTree = "<group>";
		};
		4F4D6EA51AD75EB800D1ABD8 /* LaunchScreen.xib */ = {
			isa = PBXVariantGroup;
			children = (
				4F4D6EA61AD75EB800D1ABD8 /* Base */,
			);
			name = LaunchScreen.xib;
			sourceTree = "<group>";
		};
/* End PBXVariantGroup section */

/* Begin XCBuildConfiguration section */
		4F4D6EB41AD75EB800D1ABD8 /* Debug */ = {
			isa = XCBuildConfiguration;
			buildSettings = {
				ALWAYS_SEARCH_USER_PATHS = NO;
				CLANG_CXX_LANGUAGE_STANDARD = "gnu++0x";
				CLANG_CXX_LIBRARY = "libc++";
				CLANG_ENABLE_MODULES = YES;
				CLANG_ENABLE_OBJC_ARC = YES;
				CLANG_WARN_BOOL_CONVERSION = YES;
				CLANG_WARN_CONSTANT_CONVERSION = YES;
				CLANG_WARN_DIRECT_OBJC_ISA_USAGE = YES_ERROR;
				CLANG_WARN_EMPTY_BODY = YES;
				CLANG_WARN_ENUM_CONVERSION = YES;
				CLANG_WARN_INT_CONVERSION = YES;
				CLANG_WARN_OBJC_ROOT_CLASS = YES_ERROR;
				CLANG_WARN_UNREACHABLE_CODE = YES;
				CLANG_WARN__DUPLICATE_METHOD_MATCH = YES;
				"CODE_SIGN_IDENTITY[sdk=iphoneos*]" = "iPhone Developer";
				COPY_PHASE_STRIP = NO;
				DEBUG_INFORMATION_FORMAT = "dwarf-with-dsym";
				ENABLE_STRICT_OBJC_MSGSEND = YES;
				GCC_C_LANGUAGE_STANDARD = gnu99;
				GCC_DYNAMIC_NO_PIC = NO;
				GCC_NO_COMMON_BLOCKS = YES;
				GCC_OPTIMIZATION_LEVEL = 0;
				GCC_PREPROCESSOR_DEFINITIONS = (
					"DEBUG=1",
					"$(inherited)",
				);
				GCC_SYMBOLS_PRIVATE_EXTERN = NO;
				GCC_WARN_64_TO_32_BIT_CONVERSION = YES;
				GCC_WARN_ABOUT_RETURN_TYPE = YES_ERROR;
				GCC_WARN_UNDECLARED_SELECTOR = YES;
				GCC_WARN_UNINITIALIZED_AUTOS = YES_AGGRESSIVE;
				GCC_WARN_UNUSED_FUNCTION = YES;
				GCC_WARN_UNUSED_VARIABLE = YES;
				IPHONEOS_DEPLOYMENT_TARGET = 8.3;
				MTL_ENABLE_DEBUG_INFO = YES;
				ONLY_ACTIVE_ARCH = YES;
				SDKROOT = iphoneos;
			};
			name = Debug;
		};
		4F4D6EB51AD75EB800D1ABD8 /* Release */ = {
			isa = XCBuildConfiguration;
			buildSettings = {
				ALWAYS_SEARCH_USER_PATHS = NO;
				CLANG_CXX_LANGUAGE_STANDARD = "gnu++0x";
				CLANG_CXX_LIBRARY = "libc++";
				CLANG_ENABLE_MODULES = YES;
				CLANG_ENABLE_OBJC_ARC = YES;
				CLANG_WARN_BOOL_CONVERSION = YES;
				CLANG_WARN_CONSTANT_CONVERSION = YES;
				CLANG_WARN_DIRECT_OBJC_ISA_USAGE = YES_ERROR;
				CLANG_WARN_EMPTY_BODY = YES;
				CLANG_WARN_ENUM_CONVERSION = YES;
				CLANG_WARN_INT_CONVERSION = YES;
				CLANG_WARN_OBJC_ROOT_CLASS = YES_ERROR;
				CLANG_WARN_UNREACHABLE_CODE = YES;
				CLANG_WARN__DUPLICATE_METHOD_MATCH = YES;
				"CODE_SIGN_IDENTITY[sdk=iphoneos*]" = "iPhone Developer";
				COPY_PHASE_STRIP = NO;
				DEBUG_INFORMATION_FORMAT = "dwarf-with-dsym";
				ENABLE_NS_ASSERTIONS = NO;
				ENABLE_STRICT_OBJC_MSGSEND = YES;
				GCC_C_LANGUAGE_STANDARD = gnu99;
				GCC_NO_COMMON_BLOCKS = YES;
				GCC_WARN_64_TO_32_BIT_CONVERSION = YES;
				GCC_WARN_ABOUT_RETURN_TYPE = YES_ERROR;
				GCC_WARN_UNDECLARED_SELECTOR = YES;
				GCC_WARN_UNINITIALIZED_AUTOS = YES_AGGRESSIVE;
				GCC_WARN_UNUSED_FUNCTION = YES;
				GCC_WARN_UNUSED_VARIABLE = YES;
				IPHONEOS_DEPLOYMENT_TARGET = 8.3;
				MTL_ENABLE_DEBUG_INFO = NO;
				SDKROOT = iphoneos;
				VALIDATE_PRODUCT = YES;
			};
			name = Release;
		};
		4F4D6EB71AD75EB800D1ABD8 /* Debug */ = {
			isa = XCBuildConfiguration;
			buildSettings = {
				ASSETCATALOG_COMPILER_APPICON_NAME = AppIcon;
				CODE_SIGN_IDENTITY = "iPhone Developer";
				INFOPLIST_FILE = FiveHundredPixelsDaily/Info.plist;
				LD_RUNPATH_SEARCH_PATHS = "$(inherited) @executable_path/Frameworks";
				PRODUCT_NAME = "$(TARGET_NAME)";
			};
			name = Debug;
		};
		4F4D6EB81AD75EB800D1ABD8 /* Release */ = {
			isa = XCBuildConfiguration;
			buildSettings = {
				ASSETCATALOG_COMPILER_APPICON_NAME = AppIcon;
				CODE_SIGN_IDENTITY = "iPhone Developer";
				INFOPLIST_FILE = FiveHundredPixelsDaily/Info.plist;
				LD_RUNPATH_SEARCH_PATHS = "$(inherited) @executable_path/Frameworks";
				PRODUCT_NAME = "$(TARGET_NAME)";
			};
			name = Release;
		};
/* End XCBuildConfiguration section */

/* Begin XCConfigurationList section */
		4F4D6E881AD75EB800D1ABD8 /* Build configuration list for PBXProject "FiveHundredPixelsDaily" */ = {
			isa = XCConfigurationList;
			buildConfigurations = (
				4F4D6EB41AD75EB800D1ABD8 /* Debug */,
				4F4D6EB51AD75EB800D1ABD8 /* Release */,
			);
			defaultConfigurationIsVisible = 0;
			defaultConfigurationName = Release;
		};
		4F4D6EB61AD75EB800D1ABD8 /* Build configuration list for PBXNativeTarget "FiveHundredPixelsDaily" */ = {
			isa = XCConfigurationList;
			buildConfigurations = (
				4F4D6EB71AD75EB800D1ABD8 /* Debug */,
				4F4D6EB81AD75EB800D1ABD8 /* Release */,
			);
			defaultConfigurationIsVisible = 0;
			defaultConfigurationName = Release;
		};
/* End XCConfigurationList section */

/* Begin XCVersionGroup section */
		4F4C1E421ADA189300109166 /* FiveHundredPixelsDaily.xcdatamodeld */ = {
			isa = XCVersionGroup;
			children = (
				4F4C1E431ADA189300109166 /* FiveHundredPixelsDaily.xcdatamodel */,
			);
			currentVersion = 4F4C1E431ADA189300109166 /* FiveHundredPixelsDaily.xcdatamodel */;
			path = FiveHundredPixelsDaily.xcdatamodeld;
			sourceTree = "<group>";
			versionGroupType = wrapper.xcdatamodel;
		};
/* End XCVersionGroup section */
	};
	rootObject = 4F4D6E851AD75EB800D1ABD8 /* Project object */;
}
