// !$*UTF8*$!
{
	archiveVersion = 1;
	classes = {
	};
	objectVersion = 46;
	objects = {

/* Begin PBXBuildFile section */
		4F4C1E411ADA17FA00109166 /* ASBaseOperation.m in Sources */ = {isa = PBXBuildFile; fileRef = 4F4C1E401ADA17FA00109166 /* ASBaseOperation.m */; };
		4F4C1E441ADA189300109166 /* FiveHundredPixelsDaily.xcdatamodeld in Sources */ = {isa = PBXBuildFile; fileRef = 4F4C1E421ADA189300109166 /* FiveHundredPixelsDaily.xcdatamodeld */; };
		4F4C1E471ADA18CF00109166 /* ASStore.m in Sources */ = {isa = PBXBuildFile; fileRef = 4F4C1E461ADA18CF00109166 /* ASStore.m */; };
		4F4C1E4C1ADA198F00109166 /* ASLocalStore.m in Sources */ = {isa = PBXBuildFile; fileRef = 4F4C1E491ADA198F00109166 /* ASLocalStore.m */; };
		4F4C1E4D1ADA198F00109166 /* ASRemoteStore.m in Sources */ = {isa = PBXBuildFile; fileRef = 4F4C1E4B1ADA198F00109166 /* ASRemoteStore.m */; };
		4F4D6E931AD75EB800D1ABD8 /* main.m in Sources */ = {isa = PBXBuildFile; fileRef = 4F4D6E921AD75EB800D1ABD8 /* main.m */; };
		4F4D6E961AD75EB800D1ABD8 /* AppDelegate.m in Sources */ = {isa = PBXBuildFile; fileRef = 4F4D6E951AD75EB800D1ABD8 /* AppDelegate.m */; };
		4F4D6E9C1AD75EB800D1ABD8 /* MasterViewController.m in Sources */ = {isa = PBXBuildFile; fileRef = 4F4D6E9B1AD75EB800D1ABD8 /* MasterViewController.m */; };
		4F4D6E9F1AD75EB800D1ABD8 /* DetailViewController.m in Sources */ = {isa = PBXBuildFile; fileRef = 4F4D6E9E1AD75EB800D1ABD8 /* DetailViewController.m */; };
		4F4D6EA21AD75EB800D1ABD8 /* Main.storyboard in Resources */ = {isa = PBXBuildFile; fileRef = 4F4D6EA01AD75EB800D1ABD8 /* Main.storyboard */; };
		4F4D6EA41AD75EB800D1ABD8 /* Images.xcassets in Resources */ = {isa = PBXBuildFile; fileRef = 4F4D6EA31AD75EB800D1ABD8 /* Images.xcassets */; };
		4F4D6EA71AD75EB800D1ABD8 /* LaunchScreen.xib in Resources */ = {isa = PBXBuildFile; fileRef = 4F4D6EA51AD75EB800D1ABD8 /* LaunchScreen.xib */; };
		4F4D6EBE1AD76BAE00D1ABD8 /* CategoriesTableViewController.m in Sources */ = {isa = PBXBuildFile; fileRef = 4F4D6EBD1AD76BAE00D1ABD8 /* CategoriesTableViewController.m */; };
		4F4D6EC11AD76BCA00D1ABD8 /* CategoryTableViewCell.m in Sources */ = {isa = PBXBuildFile; fileRef = 4F4D6EC01AD76BCA00D1ABD8 /* CategoryTableViewCell.m */; };
		4F4D6EC41AD76C5B00D1ABD8 /* CategoryCollectionViewController.m in Sources */ = {isa = PBXBuildFile; fileRef = 4F4D6EC31AD76C5B00D1ABD8 /* CategoryCollectionViewController.m */; };
		4F4D6EC71AD76C7900D1ABD8 /* ImageViewController.m in Sources */ = {isa = PBXBuildFile; fileRef = 4F4D6EC61AD76C7900D1ABD8 /* ImageViewController.m */; };
		4F4D6ECA1AD76FD000D1ABD8 /* BottomNavImageViewController.m in Sources */ = {isa = PBXBuildFile; fileRef = 4F4D6EC91AD76FD000D1ABD8 /* BottomNavImageViewController.m */; };
		4F717E8B1ADE122D004B8722 /* ASBaseObject.m in Sources */ = {isa = PBXBuildFile; fileRef = 4F717E8A1ADE122D004B8722 /* ASBaseObject.m */; };
		4FE3E2901ADA0E3C00B174F4 /* ASModel.m in Sources */ = {isa = PBXBuildFile; fileRef = 4FE3E28F1ADA0E3C00B174F4 /* ASModel.m */; };
		4FE3E2B71ADA107800B174F4 /* ASCategory.m in Sources */ = {isa = PBXBuildFile; fileRef = 4FE3E2B61ADA107800B174F4 /* ASCategory.m */; };
		4FE3E2BA1ADA107800B174F4 /* ASImage.m in Sources */ = {isa = PBXBuildFile; fileRef = 4FE3E2B91ADA107800B174F4 /* ASImage.m */; };
		4FE3E2CD1ADA15FC00B174F4 /* ASPhotosOperation.m in Sources */ = {isa = PBXBuildFile; fileRef = 4FE3E2CC1ADA15FC00B174F4 /* ASPhotosOperation.m */; };
		4FE3E2D01ADA160800B174F4 /* ASFHPOperation.m in Sources */ = {isa = PBXBuildFile; fileRef = 4FE3E2CF1ADA160800B174F4 /* ASFHPOperation.m */; };
/* End PBXBuildFile section */

/* Begin PBXFileReference section */
		4F4C1E3F1ADA17FA00109166 /* ASBaseOperation.h */ = {isa = PBXFileReference; fileEncoding = 4; lastKnownFileType = sourcecode.c.h; path = ASBaseOperation.h; sourceTree = "<group>"; };
		4F4C1E401ADA17FA00109166 /* ASBaseOperation.m */ = {isa = PBXFileReference; fileEncoding = 4; lastKnownFileType = sourcecode.c.objc; path = ASBaseOperation.m; sourceTree = "<group>"; };
		4F4C1E431ADA189300109166 /* FiveHundredPixelsDaily.xcdatamodel */ = {isa = PBXFileReference; lastKnownFileType = wrapper.xcdatamodel; path = FiveHundredPixelsDaily.xcdatamodel; sourceTree = "<group>"; };
		4F4C1E451ADA18CF00109166 /* ASStore.h */ = {isa = PBXFileReference; fileEncoding = 4; lastKnownFileType = sourcecode.c.h; path = ASStore.h; sourceTree = "<group>"; };
		4F4C1E461ADA18CF00109166 /* ASStore.m */ = {isa = PBXFileReference; fileEncoding = 4; lastKnownFileType = sourcecode.c.objc; path = ASStore.m; sourceTree = "<group>"; };
		4F4C1E481ADA198F00109166 /* ASLocalStore.h */ = {isa = PBXFileReference; fileEncoding = 4; lastKnownFileType = sourcecode.c.h; path = ASLocalStore.h; sourceTree = "<group>"; };
		4F4C1E491ADA198F00109166 /* ASLocalStore.m */ = {isa = PBXFileReference; fileEncoding = 4; lastKnownFileType = sourcecode.c.objc; path = ASLocalStore.m; sourceTree = "<group>"; };
		4F4C1E4A1ADA198F00109166 /* ASRemoteStore.h */ = {isa = PBXFileReference; fileEncoding = 4; lastKnownFileType = sourcecode.c.h; path = ASRemoteStore.h; sourceTree = "<group>"; };
		4F4C1E4B1ADA198F00109166 /* ASRemoteStore.m */ = {isa = PBXFileReference; fileEncoding = 4; lastKnownFileType = sourcecode.c.objc; path = ASRemoteStore.m; sourceTree = "<group>"; };
		4F4D6E8D1AD75EB800D1ABD8 /* FiveHundredPixelsDaily.app */ = {isa = PBXFileReference; explicitFileType = wrapper.application; includeInIndex = 0; path = FiveHundredPixelsDaily.app; sourceTree = BUILT_PRODUCTS_DIR; };
		4F4D6E911AD75EB800D1ABD8 /* Info.plist */ = {isa = PBXFileReference; lastKnownFileType = text.plist.xml; path = Info.plist; sourceTree = "<group>"; };
		4F4D6E921AD75EB800D1ABD8 /* main.m */ = {isa = PBXFileReference; lastKnownFileType = sourcecode.c.objc; path = main.m; sourceTree = "<group>"; };
		4F4D6E941AD75EB800D1ABD8 /* AppDelegate.h */ = {isa = PBXFileReference; lastKnownFileType = sourcecode.c.h; path = AppDelegate.h; sourceTree = "<group>"; };
		4F4D6E951AD75EB800D1ABD8 /* AppDelegate.m */ = {isa = PBXFileReference; lastKnownFileType = sourcecode.c.objc; path = AppDelegate.m; sourceTree = "<group>"; };
		4F4D6E9A1AD75EB800D1ABD8 /* MasterViewController.h */ = {isa = PBXFileReference; lastKnownFileType = sourcecode.c.h; path = MasterViewController.h; sourceTree = "<group>"; };
		4F4D6E9B1AD75EB800D1ABD8 /* MasterViewController.m */ = {isa = PBXFileReference; lastKnownFileType = sourcecode.c.objc; path = MasterViewController.m; sourceTree = "<group>"; };
		4F4D6E9D1AD75EB800D1ABD8 /* DetailViewController.h */ = {isa = PBXFileReference; lastKnownFileType = sourcecode.c.h; path = DetailViewController.h; sourceTree = "<group>"; };
		4F4D6E9E1AD75EB800D1ABD8 /* DetailViewController.m */ = {isa = PBXFileReference; lastKnownFileType = sourcecode.c.objc; path = DetailViewController.m; sourceTree = "<group>"; };
		4F4D6EA11AD75EB800D1ABD8 /* Base */ = {isa = PBXFileReference; lastKnownFileType = file.storyboard; name = Base; path = Base.lproj/Main.storyboard; sourceTree = "<group>"; };
		4F4D6EA31AD75EB800D1ABD8 /* Images.xcassets */ = {isa = PBXFileReference; lastKnownFileType = folder.assetcatalog; path = Images.xcassets; sourceTree = "<group>"; };
		4F4D6EA61AD75EB800D1ABD8 /* Base */ = {isa = PBXFileReference; lastKnownFileType = file.xib; name = Base; path = Base.lproj/LaunchScreen.xib; sourceTree = "<group>"; };
		4F4D6EBC1AD76BAE00D1ABD8 /* CategoriesTableViewController.h */ = {isa = PBXFileReference; fileEncoding = 4; lastKnownFileType = sourcecode.c.h; path = CategoriesTableViewController.h; sourceTree = "<group>"; };
		4F4D6EBD1AD76BAE00D1ABD8 /* CategoriesTableViewController.m */ = {isa = PBXFileReference; fileEncoding = 4; lastKnownFileType = sourcecode.c.objc; path = CategoriesTableViewController.m; sourceTree = "<group>"; };
		4F4D6EBF1AD76BCA00D1ABD8 /* CategoryTableViewCell.h */ = {isa = PBXFileReference; fileEncoding = 4; lastKnownFileType = sourcecode.c.h; path = CategoryTableViewCell.h; sourceTree = "<group>"; };
		4F4D6EC01AD76BCA00D1ABD8 /* CategoryTableViewCell.m */ = {isa = PBXFileReference; fileEncoding = 4; lastKnownFileType = sourcecode.c.objc; path = CategoryTableViewCell.m; sourceTree = "<group>"; };
		4F4D6EC21AD76C5B00D1ABD8 /* CategoryCollectionViewController.h */ = {isa = PBXFileReference; fileEncoding = 4; lastKnownFileType = sourcecode.c.h; path = CategoryCollectionViewController.h; sourceTree = "<group>"; };
		4F4D6EC31AD76C5B00D1ABD8 /* CategoryCollectionViewController.m */ = {isa = PBXFileReference; fileEncoding = 4; lastKnownFileType = sourcecode.c.objc; path = CategoryCollectionViewController.m; sourceTree = "<group>"; };
		4F4D6EC51AD76C7900D1ABD8 /* ImageViewController.h */ = {isa = PBXFileReference; fileEncoding = 4; lastKnownFileType = sourcecode.c.h; path = ImageViewController.h; sourceTree = "<group>"; };
		4F4D6EC61AD76C7900D1ABD8 /* ImageViewController.m */ = {isa = PBXFileReference; fileEncoding = 4; lastKnownFileType = sourcecode.c.objc; path = ImageViewController.m; sourceTree = "<group>"; };
		4F4D6EC81AD76FD000D1ABD8 /* BottomNavImageViewController.h */ = {isa = PBXFileReference; fileEncoding = 4; lastKnownFileType = sourcecode.c.h; path = BottomNavImageViewController.h; sourceTree = "<group>"; };
		4F4D6EC91AD76FD000D1ABD8 /* BottomNavImageViewController.m */ = {isa = PBXFileReference; fileEncoding = 4; lastKnownFileType = sourcecode.c.objc; path = BottomNavImageViewController.m; sourceTree = "<group>"; };
		4F717E891ADE122D004B8722 /* ASBaseObject.h */ = {isa = PBXFileReference; fileEncoding = 4; lastKnownFileType = sourcecode.c.h; path = ASBaseObject.h; sourceTree = "<group>"; };
		4F717E8A1ADE122D004B8722 /* ASBaseObject.m */ = {isa = PBXFileReference; fileEncoding = 4; lastKnownFileType = sourcecode.c.objc; path = ASBaseObject.m; sourceTree = "<group>"; };
		4FE3E28E1ADA0E3C00B174F4 /* ASModel.h */ = {isa = PBXFileReference; fileEncoding = 4; lastKnownFileType = sourcecode.c.h; path = ASModel.h; sourceTree = "<group>"; };
		4FE3E28F1ADA0E3C00B174F4 /* ASModel.m */ = {isa = PBXFileReference; fileEncoding = 4; lastKnownFileType = sourcecode.c.objc; path = ASModel.m; sourceTree = "<group>"; };
		4FE3E2B51ADA107800B174F4 /* ASCategory.h */ = {isa = PBXFileReference; fileEncoding = 4; lastKnownFileType = sourcecode.c.h; path = ASCategory.h; sourceTree = "<group>"; };
		4FE3E2B61ADA107800B174F4 /* ASCategory.m */ = {isa = PBXFileReference; fileEncoding = 4; lastKnownFileType = sourcecode.c.objc; path = ASCategory.m; sourceTree = "<group>"; };
		4FE3E2B81ADA107800B174F4 /* ASImage.h */ = {isa = PBXFileReference; fileEncoding = 4; lastKnownFileType = sourcecode.c.h; path = ASImage.h; sourceTree = "<group>"; };
		4FE3E2B91ADA107800B174F4 /* ASImage.m */ = {isa = PBXFileReference; fileEncoding = 4; lastKnownFileType = sourcecode.c.objc; path = ASImage.m; sourceTree = "<group>"; };
		4FE3E2CB1ADA15FC00B174F4 /* ASPhotosOperation.h */ = {isa = PBXFileReference; fileEncoding = 4; lastKnownFileType = sourcecode.c.h; path = ASPhotosOperation.h; sourceTree = "<group>"; };
		4FE3E2CC1ADA15FC00B174F4 /* ASPhotosOperation.m */ = {isa = PBXFileReference; fileEncoding = 4; lastKnownFileType = sourcecode.c.objc; path = ASPhotosOperation.m; sourceTree = "<group>"; };
		4FE3E2CE1ADA160800B174F4 /* ASFHPOperation.h */ = {isa = PBXFileReference; fileEncoding = 4; lastKnownFileType = sourcecode.c.h; path = ASFHPOperation.h; sourceTree = "<group>"; };
		4FE3E2CF1ADA160800B174F4 /* ASFHPOperation.m */ = {isa = PBXFileReference; fileEncoding = 4; lastKnownFileType = sourcecode.c.objc; path = ASFHPOperation.m; sourceTree = "<group>"; };
/* End PBXFileReference section */

/* Begin PBXFrameworksBuildPhase section */
		4F4D6E8A1AD75EB800D1ABD8 /* Frameworks */ = {
			isa = PBXFrameworksBuildPhase;
			buildActionMask = 2147483647;
			files = (
			);
			runOnlyForDeploymentPostprocessing = 0;
		};
/* End PBXFrameworksBuildPhase section */

/* Begin PBXGroup section */
		4F4D6E841AD75EB800D1ABD8 = {
			isa = PBXGroup;
			children = (
				4F4D6E8F1AD75EB800D1ABD8 /* FiveHundredPixelsDaily */,
				4F4D6E8E1AD75EB800D1ABD8 /* Products */,
			);
			sourceTree = "<group>";
		};
		4F4D6E8E1AD75EB800D1ABD8 /* Products */ = {
			isa = PBXGroup;
			children = (
				4F4D6E8D1AD75EB800D1ABD8 /* FiveHundredPixelsDaily.app */,
			);
			name = Products;
			sourceTree = "<group>";
		};
		4F4D6E8F1AD75EB800D1ABD8 /* FiveHundredPixelsDaily */ = {
			isa = PBXGroup;
			children = (
				4FE3E2881ADA0A7600B174F4 /* Model */,
				4FE3E2871ADA07E600B174F4 /* Views */,
				4F4D6E9A1AD75EB800D1ABD8 /* MasterViewController.h */,
				4F4D6E9B1AD75EB800D1ABD8 /* MasterViewController.m */,
				4F4D6E9D1AD75EB800D1ABD8 /* DetailViewController.h */,
				4F4D6E9E1AD75EB800D1ABD8 /* DetailViewController.m */,
				4F4D6E901AD75EB800D1ABD8 /* Supporting Files */,
			);
			path = FiveHundredPixelsDaily;
			sourceTree = "<group>";
		};
		4F4D6E901AD75EB800D1ABD8 /* Supporting Files */ = {
			isa = PBXGroup;
			children = (
				4F4D6E941AD75EB800D1ABD8 /* AppDelegate.h */,
				4F4D6E951AD75EB800D1ABD8 /* AppDelegate.m */,
				4F4D6EA01AD75EB800D1ABD8 /* Main.storyboard */,
				4F4D6E911AD75EB800D1ABD8 /* Info.plist */,
				4F4D6E921AD75EB800D1ABD8 /* main.m */,
				4F4D6EA31AD75EB800D1ABD8 /* Images.xcassets */,
				4F4D6EA51AD75EB800D1ABD8 /* LaunchScreen.xib */,
			);
			name = "Supporting Files";
			sourceTree = "<group>";
		};
		4FE3E2871ADA07E600B174F4 /* Views */ = {
			isa = PBXGroup;
			children = (
				4FE3E28C1ADA0ABB00B174F4 /* ImageDetail */,
				4F4D6EC21AD76C5B00D1ABD8 /* CategoryCollectionViewController.h */,
				4F4D6EC31AD76C5B00D1ABD8 /* CategoryCollectionViewController.m */,
				4FE3E28A1ADA0A9800B174F4 /* Categories */,
			);
			name = Views;
			sourceTree = "<group>";
		};
		4FE3E2881ADA0A7600B174F4 /* Model */ = {
			isa = PBXGroup;
			children = (
				4F4C1E421ADA189300109166 /* FiveHundredPixelsDaily.xcdatamodeld */,
				4FE3E28E1ADA0E3C00B174F4 /* ASModel.h */,
				4FE3E28F1ADA0E3C00B174F4 /* ASModel.m */,
				4FE3E2891ADA0A8000B174F4 /* Classes */,
			);
			path = Model;
			sourceTree = "<group>";
		};
		4FE3E2891ADA0A8000B174F4 /* Classes */ = {
			isa = PBXGroup;
			children = (
				4F717E891ADE122D004B8722 /* ASBaseObject.h */,
				4F717E8A1ADE122D004B8722 /* ASBaseObject.m */,
				4F4C1E451ADA18CF00109166 /* ASStore.h */,
				4F4C1E461ADA18CF00109166 /* ASStore.m */,
				4F4C1E481ADA198F00109166 /* ASLocalStore.h */,
				4F4C1E491ADA198F00109166 /* ASLocalStore.m */,
				4F4C1E4A1ADA198F00109166 /* ASRemoteStore.h */,
				4F4C1E4B1ADA198F00109166 /* ASRemoteStore.m */,
				4FE3E2B51ADA107800B174F4 /* ASCategory.h */,
				4FE3E2B61ADA107800B174F4 /* ASCategory.m */,
				4FE3E2B81ADA107800B174F4 /* ASImage.h */,
				4FE3E2B91ADA107800B174F4 /* ASImage.m */,
				4FE3E2BE1ADA119600B174F4 /* Operations */,
			);
			path = Classes;
			sourceTree = "<group>";
		};
		4FE3E28A1ADA0A9800B174F4 /* Categories */ = {
			isa = PBXGroup;
			children = (
				4F4D6EBC1AD76BAE00D1ABD8 /* CategoriesTableViewController.h */,
				4F4D6EBD1AD76BAE00D1ABD8 /* CategoriesTableViewController.m */,
				4FE3E28B1ADA0AA600B174F4 /* Cells */,
			);
			name = Categories;
			sourceTree = "<group>";
		};
		4FE3E28B1ADA0AA600B174F4 /* Cells */ = {
			isa = PBXGroup;
			children = (
				4F4D6EBF1AD76BCA00D1ABD8 /* CategoryTableViewCell.h */,
				4F4D6EC01AD76BCA00D1ABD8 /* CategoryTableViewCell.m */,
			);
			name = Cells;
			sourceTree = "<group>";
		};
		4FE3E28C1ADA0ABB00B174F4 /* ImageDetail */ = {
			isa = PBXGroup;
			children = (
				4F4D6EC51AD76C7900D1ABD8 /* ImageViewController.h */,
				4F4D6EC61AD76C7900D1ABD8 /* ImageViewController.m */,
				4FE3E28D1ADA0AE200B174F4 /* Navigation */,
			);
			name = ImageDetail;
			sourceTree = "<group>";
		};
		4FE3E28D1ADA0AE200B174F4 /* Navigation */ = {
			isa = PBXGroup;
			children = (
				4F4D6EC81AD76FD000D1ABD8 /* BottomNavImageViewController.h */,
				4F4D6EC91AD76FD000D1ABD8 /* BottomNavImageViewController.m */,
			);
			name = Navigation;
			sourceTree = "<group>";
		};
		4FE3E2BE1ADA119600B174F4 /* Operations */ = {
			isa = PBXGroup;
			children = (
				4F4C1E3F1ADA17FA00109166 /* ASBaseOperation.h */,
				4F4C1E401ADA17FA00109166 /* ASBaseOperation.m */,
				4FE3E2CB1ADA15FC00B174F4 /* ASPhotosOperation.h */,
				4FE3E2CC1ADA15FC00B174F4 /* ASPhotosOperation.m */,
				4FE3E2CE1ADA160800B174F4 /* ASFHPOperation.h */,
				4FE3E2CF1ADA160800B174F4 /* ASFHPOperation.m */,
			);
			path = Operations;
			sourceTree = "<group>";
		};
/* End PBXGroup section */

/* Begin PBXNativeTarget section */
		4F4D6E8C1AD75EB800D1ABD8 /* FiveHundredPixelsDaily */ = {
			isa = PBXNativeTarget;
			buildConfigurationList = 4F4D6EB61AD75EB800D1ABD8 /* Build configuration list for PBXNativeTarget "FiveHundredPixelsDaily" */;
			buildPhases = (
				4F4D6E891AD75EB800D1ABD8 /* Sources */,
				4F4D6E8A1AD75EB800D1ABD8 /* Frameworks */,
				4F4D6E8B1AD75EB800D1ABD8 /* Resources */,
			);
			buildRules = (
			);
			dependencies = (
			);
			name = FiveHundredPixelsDaily;
			productName = FiveHundredPixelsDaily;
			productReference = 4F4D6E8D1AD75EB800D1ABD8 /* FiveHundredPixelsDaily.app */;
			productType = "com.apple.product-type.application";
		};
/* End PBXNativeTarget section */

/* Begin PBXProject section */
		4F4D6E851AD75EB800D1ABD8 /* Project object */ = {
			isa = PBXProject;
			attributes = {
				LastUpgradeCheck = 0630;
				ORGANIZATIONNAME = "Alex Semenikhine";
				TargetAttributes = {
					4F4D6E8C1AD75EB800D1ABD8 = {
						CreatedOnToolsVersion = 6.3;
					};
				};
			};
			buildConfigurationList = 4F4D6E881AD75EB800D1ABD8 /* Build configuration list for PBXProject "FiveHundredPixelsDaily" */;
			compatibilityVersion = "Xcode 3.2";
			developmentRegion = English;
			hasScannedForEncodings = 0;
			knownRegions = (
				en,
				Base,
			);
			mainGroup = 4F4D6E841AD75EB800D1ABD8;
			productRefGroup = 4F4D6E8E1AD75EB800D1ABD8 /* Products */;
			projectDirPath = "";
			projectRoot = "";
			targets = (
				4F4D6E8C1AD75EB800D1ABD8 /* FiveHundredPixelsDaily */,
			);
		};
/* End PBXProject section */

/* Begin PBXResourcesBuildPhase section */
		4F4D6E8B1AD75EB800D1ABD8 /* Resources */ = {
			isa = PBXResourcesBuildPhase;
			buildActionMask = 2147483647;
			files = (
				4F4D6EA21AD75EB800D1ABD8 /* Main.storyboard in Resources */,
				4F4D6EA71AD75EB800D1ABD8 /* LaunchScreen.xib in Resources */,
				4F4D6EA41AD75EB800D1ABD8 /* Images.xcassets in Resources */,
			);
			runOnlyForDeploymentPostprocessing = 0;
		};
/* End PBXResourcesBuildPhase section */

/* Begin PBXSourcesBuildPhase section */
		4F4D6E891AD75EB800D1ABD8 /* Sources */ = {
			isa = PBXSourcesBuildPhase;
			buildActionMask = 2147483647;
			files = (
				4FE3E2BA1ADA107800B174F4 /* ASImage.m in Sources */,
				4F717E8B1ADE122D004B8722 /* ASBaseObject.m in Sources */,
				4FE3E2901ADA0E3C00B174F4 /* ASModel.m in Sources */,
				4F4D6E9F1AD75EB800D1ABD8 /* DetailViewController.m in Sources */,
				4F4C1E471ADA18CF00109166 /* ASStore.m in Sources */,
				4F4D6E9C1AD75EB800D1ABD8 /* MasterViewController.m in Sources */,
				4F4C1E441ADA189300109166 /* FiveHundredPixelsDaily.xcdatamodeld in Sources */,
				4FE3E2CD1ADA15FC00B174F4 /* ASPhotosOperation.m in Sources */,
				4F4D6EC11AD76BCA00D1ABD8 /* CategoryTableViewCell.m in Sources */,
				4F4D6E961AD75EB800D1ABD8 /* AppDelegate.m in Sources */,
				4F4D6E931AD75EB800D1ABD8 /* main.m in Sources */,
				4F4D6EC71AD76C7900D1ABD8 /* ImageViewController.m in Sources */,
				4F4D6EC41AD76C5B00D1ABD8 /* CategoryCollectionViewController.m in Sources */,
				4F4D6EBE1AD76BAE00D1ABD8 /* CategoriesTableViewController.m in Sources */,
				4F4D6ECA1AD76FD000D1ABD8 /* BottomNavImageViewController.m in Sources */,
				4FE3E2D01ADA160800B174F4 /* ASFHPOperation.m in Sources */,
				4F4C1E4C1ADA198F00109166 /* ASLocalStore.m in Sources */,
				4FE3E2B71ADA107800B174F4 /* ASCategory.m in Sources */,
				4F4C1E411ADA17FA00109166 /* ASBaseOperation.m in Sources */,
				4F4C1E4D1ADA198F00109166 /* ASRemoteStore.m in Sources */,
			);
			runOnlyForDeploymentPostprocessing = 0;
		};
/* End PBXSourcesBuildPhase section */

/* Begin PBXVariantGroup section */
		4F4D6EA01AD75EB800D1ABD8 /* Main.storyboard */ = {
			isa = PBXVariantGroup;
			children = (
				4F4D6EA11AD75EB800D1ABD8 /* Base */,
			);
			name = Main.storyboard;
			sourceTree = "<group>";
		};
		4F4D6EA51AD75EB800D1ABD8 /* LaunchScreen.xib */ = {
			isa = PBXVariantGroup;
			children = (
				4F4D6EA61AD75EB800D1ABD8 /* Base */,
			);
			name = LaunchScreen.xib;
			sourceTree = "<group>";
		};
/* End PBXVariantGroup section */

/* Begin XCBuildConfiguration section */
		4F4D6EB41AD75EB800D1ABD8 /* Debug */ = {
			isa = XCBuildConfiguration;
			buildSettings = {
				ALWAYS_SEARCH_USER_PATHS = NO;
				CLANG_CXX_LANGUAGE_STANDARD = "gnu++0x";
				CLANG_CXX_LIBRARY = "libc++";
				CLANG_ENABLE_MODULES = YES;
				CLANG_ENABLE_OBJC_ARC = YES;
				CLANG_WARN_BOOL_CONVERSION = YES;
				CLANG_WARN_CONSTANT_CONVERSION = YES;
				CLANG_WARN_DIRECT_OBJC_ISA_USAGE = YES_ERROR;
				CLANG_WARN_EMPTY_BODY = YES;
				CLANG_WARN_ENUM_CONVERSION = YES;
				CLANG_WARN_INT_CONVERSION = YES;
				CLANG_WARN_OBJC_ROOT_CLASS = YES_ERROR;
				CLANG_WARN_UNREACHABLE_CODE = YES;
				CLANG_WARN__DUPLICATE_METHOD_MATCH = YES;
				"CODE_SIGN_IDENTITY[sdk=iphoneos*]" = "iPhone Developer";
				COPY_PHASE_STRIP = NO;
				DEBUG_INFORMATION_FORMAT = "dwarf-with-dsym";
				ENABLE_STRICT_OBJC_MSGSEND = YES;
				GCC_C_LANGUAGE_STANDARD = gnu99;
				GCC_DYNAMIC_NO_PIC = NO;
				GCC_NO_COMMON_BLOCKS = YES;
				GCC_OPTIMIZATION_LEVEL = 0;
				GCC_PREPROCESSOR_DEFINITIONS = (
					"DEBUG=1",
					"$(inherited)",
				);
				GCC_SYMBOLS_PRIVATE_EXTERN = NO;
				GCC_WARN_64_TO_32_BIT_CONVERSION = YES;
				GCC_WARN_ABOUT_RETURN_TYPE = YES_ERROR;
				GCC_WARN_UNDECLARED_SELECTOR = YES;
				GCC_WARN_UNINITIALIZED_AUTOS = YES_AGGRESSIVE;
				GCC_WARN_UNUSED_FUNCTION = YES;
				GCC_WARN_UNUSED_VARIABLE = YES;
				IPHONEOS_DEPLOYMENT_TARGET = 8.3;
				MTL_ENABLE_DEBUG_INFO = YES;
				ONLY_ACTIVE_ARCH = YES;
				SDKROOT = iphoneos;
			};
			name = Debug;
		};
		4F4D6EB51AD75EB800D1ABD8 /* Release */ = {
			isa = XCBuildConfiguration;
			buildSettings = {
				ALWAYS_SEARCH_USER_PATHS = NO;
				CLANG_CXX_LANGUAGE_STANDARD = "gnu++0x";
				CLANG_CXX_LIBRARY = "libc++";
				CLANG_ENABLE_MODULES = YES;
				CLANG_ENABLE_OBJC_ARC = YES;
				CLANG_WARN_BOOL_CONVERSION = YES;
				CLANG_WARN_CONSTANT_CONVERSION = YES;
				CLANG_WARN_DIRECT_OBJC_ISA_USAGE = YES_ERROR;
				CLANG_WARN_EMPTY_BODY = YES;
				CLANG_WARN_ENUM_CONVERSION = YES;
				CLANG_WARN_INT_CONVERSION = YES;
				CLANG_WARN_OBJC_ROOT_CLASS = YES_ERROR;
				CLANG_WARN_UNREACHABLE_CODE = YES;
				CLANG_WARN__DUPLICATE_METHOD_MATCH = YES;
				"CODE_SIGN_IDENTITY[sdk=iphoneos*]" = "iPhone Developer";
				COPY_PHASE_STRIP = NO;
				DEBUG_INFORMATION_FORMAT = "dwarf-with-dsym";
				ENABLE_NS_ASSERTIONS = NO;
				ENABLE_STRICT_OBJC_MSGSEND = YES;
				GCC_C_LANGUAGE_STANDARD = gnu99;
				GCC_NO_COMMON_BLOCKS = YES;
				GCC_WARN_64_TO_32_BIT_CONVERSION = YES;
				GCC_WARN_ABOUT_RETURN_TYPE = YES_ERROR;
				GCC_WARN_UNDECLARED_SELECTOR = YES;
				GCC_WARN_UNINITIALIZED_AUTOS = YES_AGGRESSIVE;
				GCC_WARN_UNUSED_FUNCTION = YES;
				GCC_WARN_UNUSED_VARIABLE = YES;
				IPHONEOS_DEPLOYMENT_TARGET = 8.3;
				MTL_ENABLE_DEBUG_INFO = NO;
				SDKROOT = iphoneos;
				VALIDATE_PRODUCT = YES;
			};
			name = Release;
		};
		4F4D6EB71AD75EB800D1ABD8 /* Debug */ = {
			isa = XCBuildConfiguration;
			buildSettings = {
				ASSETCATALOG_COMPILER_APPICON_NAME = AppIcon;
				INFOPLIST_FILE = FiveHundredPixelsDaily/Info.plist;
				LD_RUNPATH_SEARCH_PATHS = "$(inherited) @executable_path/Frameworks";
				PRODUCT_NAME = "$(TARGET_NAME)";
			};
			name = Debug;
		};
		4F4D6EB81AD75EB800D1ABD8 /* Release */ = {
			isa = XCBuildConfiguration;
			buildSettings = {
				ASSETCATALOG_COMPILER_APPICON_NAME = AppIcon;
				INFOPLIST_FILE = FiveHundredPixelsDaily/Info.plist;
				LD_RUNPATH_SEARCH_PATHS = "$(inherited) @executable_path/Frameworks";
				PRODUCT_NAME = "$(TARGET_NAME)";
			};
			name = Release;
		};
/* End XCBuildConfiguration section */

/* Begin XCConfigurationList section */
		4F4D6E881AD75EB800D1ABD8 /* Build configuration list for PBXProject "FiveHundredPixelsDaily" */ = {
			isa = XCConfigurationList;
			buildConfigurations = (
				4F4D6EB41AD75EB800D1ABD8 /* Debug */,
				4F4D6EB51AD75EB800D1ABD8 /* Release */,
			);
			defaultConfigurationIsVisible = 0;
			defaultConfigurationName = Release;
		};
		4F4D6EB61AD75EB800D1ABD8 /* Build configuration list for PBXNativeTarget "FiveHundredPixelsDaily" */ = {
			isa = XCConfigurationList;
			buildConfigurations = (
				4F4D6EB71AD75EB800D1ABD8 /* Debug */,
				4F4D6EB81AD75EB800D1ABD8 /* Release */,
			);
			defaultConfigurationIsVisible = 0;
			defaultConfigurationName = Release;
		};
/* End XCConfigurationList section */

/* Begin XCVersionGroup section */
		4F4C1E421ADA189300109166 /* FiveHundredPixelsDaily.xcdatamodeld */ = {
			isa = XCVersionGroup;
			children = (
				4F4C1E431ADA189300109166 /* FiveHundredPixelsDaily.xcdatamodel */,
			);
			currentVersion = 4F4C1E431ADA189300109166 /* FiveHundredPixelsDaily.xcdatamodel */;
			path = FiveHundredPixelsDaily.xcdatamodeld;
			sourceTree = "<group>";
			versionGroupType = wrapper.xcdatamodel;
		};
/* End XCVersionGroup section */
	};
	rootObject = 4F4D6E851AD75EB800D1ABD8 /* Project object */;
}
